
Microsoft Visual Studio Solution File, Format Version 12.00
# Visual Studio 14
VisualStudioVersion = 14.0.24720.0
MinimumVisualStudioVersion = 10.0.40219.1
Project("{FAE04EC0-301F-11D3-BF4B-00C04F79EFBC}") = "MathOperations", "MathOperations\MathOperations.csproj", "{9451DC5A-2C20-4A99-93FE-BF0317A519FF}"
EndProject
Project("{FAE04EC0-301F-11D3-BF4B-00C04F79EFBC}") = "MathOperations.AcceptanceTests", "MathOperations.AcceptanceTests\MathOperations.AcceptanceTests.csproj", "{B9BA4912-020E-412C-A7AC-A1336B7DA15C}"
EndProject
Project("{FAE04EC0-301F-11D3-BF4B-00C04F79EFBC}") = "MathOperations.PageObjectFramework", "MathOperations.PageObjectFramework\MathOperations.PageObjectFramework.csproj", "{10D759F9-0231-42D2-9B0A-A12B85150ABE}"
EndProject
Global
	GlobalSection(SolutionConfigurationPlatforms) = preSolution
		Debug|Any CPU = Debug|Any CPU
		Release|Any CPU = Release|Any CPU
	EndGlobalSection
	GlobalSection(ProjectConfigurationPlatforms) = postSolution
		{9451DC5A-2C20-4A99-93FE-BF0317A519FF}.Debug|Any CPU.ActiveCfg = Debug|Any CPU
		{9451DC5A-2C20-4A99-93FE-BF0317A519FF}.Debug|Any CPU.Build.0 = Debug|Any CPU
		{9451DC5A-2C20-4A99-93FE-BF0317A519FF}.Release|Any CPU.ActiveCfg = Release|Any CPU
		{9451DC5A-2C20-4A99-93FE-BF0317A519FF}.Release|Any CPU.Build.0 = Release|Any CPU
		{B9BA4912-020E-412C-A7AC-A1336B7DA15C}.Debug|Any CPU.ActiveCfg = Debug|Any CPU
		{B9BA4912-020E-412C-A7AC-A1336B7DA15C}.Debug|Any CPU.Build.0 = Debug|Any CPU
		{B9BA4912-020E-412C-A7AC-A1336B7DA15C}.Release|Any CPU.ActiveCfg = Release|Any CPU
		{B9BA4912-020E-412C-A7AC-A1336B7DA15C}.Release|Any CPU.Build.0 = Release|Any CPU
		{10D759F9-0231-42D2-9B0A-A12B85150ABE}.Debug|Any CPU.ActiveCfg = Debug|Any CPU
		{10D759F9-0231-42D2-9B0A-A12B85150ABE}.Debug|Any CPU.Build.0 = Debug|Any CPU
		{10D759F9-0231-42D2-9B0A-A12B85150ABE}.Release|Any CPU.ActiveCfg = Release|Any CPU
		{10D759F9-0231-42D2-9B0A-A12B85150ABE}.Release|Any CPU.Build.0 = Release|Any CPU
	EndGlobalSection
	GlobalSection(SolutionProperties) = preSolution
		HideSolutionNode = FALSE
	EndGlobalSection
EndGlobal
